
Microsoft Visual Studio Solution File, Format Version 12.00
# Visual Studio Version 16
VisualStudioVersion = 16.0.33927.289
MinimumVisualStudioVersion = 10.0.40219.1
Project("{8BC9CEB8-8B4A-11D0-8D11-00A0C91BC942}") = "week15_1111234004-3", "week15_1111234004-3.vcxproj", "{467D44D3-7767-4123-B3A7-885C782EB6EE}"
EndProject
Global
	GlobalSection(SolutionConfigurationPlatforms) = preSolution
		Debug|x64 = Debug|x64
		Debug|x86 = Debug|x86
		Release|x64 = Release|x64
		Release|x86 = Release|x86
	EndGlobalSection
	GlobalSection(ProjectConfigurationPlatforms) = postSolution
		{467D44D3-7767-4123-B3A7-885C782EB6EE}.Debug|x64.ActiveCfg = Debug|x64
		{467D44D3-7767-4123-B3A7-885C782EB6EE}.Debug|x64.Build.0 = Debug|x64
		{467D44D3-7767-4123-B3A7-885C782EB6EE}.Debug|x86.ActiveCfg = Debug|Win32
		{467D44D3-7767-4123-B3A7-885C782EB6EE}.Debug|x86.Build.0 = Debug|Win32
		{467D44D3-7767-4123-B3A7-885C782EB6EE}.Release|x64.ActiveCfg = Release|x64
		{467D44D3-7767-4123-B3A7-885C782EB6EE}.Release|x64.Build.0 = Release|x64
		{467D44D3-7767-4123-B3A7-885C782EB6EE}.Release|x86.ActiveCfg = Release|Win32
		{467D44D3-7767-4123-B3A7-885C782EB6EE}.Release|x86.Build.0 = Release|Win32
	EndGlobalSection
	GlobalSection(SolutionProperties) = preSolution
		HideSolutionNode = FALSE
	EndGlobalSection
	GlobalSection(ExtensibilityGlobals) = postSolution
		SolutionGuid = {B2857A9D-9DB9-4844-AC0A-06E4B2B3F1E5}
	EndGlobalSection
EndGlobal
