
Microsoft Visual Studio Solution File, Format Version 12.00
# Visual Studio Version 16
VisualStudioVersion = 16.0.33927.289
MinimumVisualStudioVersion = 10.0.40219.1
Project("{8BC9CEB8-8B4A-11D0-8D11-00A0C91BC942}") = "week10_1111234004-2", "week10_1111234004-2.vcxproj", "{3F29932C-EC29-4318-AC8B-4837B9D93D4A}"
EndProject
Global
	GlobalSection(SolutionConfigurationPlatforms) = preSolution
		Debug|x64 = Debug|x64
		Debug|x86 = Debug|x86
		Release|x64 = Release|x64
		Release|x86 = Release|x86
	EndGlobalSection
	GlobalSection(ProjectConfigurationPlatforms) = postSolution
		{3F29932C-EC29-4318-AC8B-4837B9D93D4A}.Debug|x64.ActiveCfg = Debug|x64
		{3F29932C-EC29-4318-AC8B-4837B9D93D4A}.Debug|x64.Build.0 = Debug|x64
		{3F29932C-EC29-4318-AC8B-4837B9D93D4A}.Debug|x86.ActiveCfg = Debug|Win32
		{3F29932C-EC29-4318-AC8B-4837B9D93D4A}.Debug|x86.Build.0 = Debug|Win32
		{3F29932C-EC29-4318-AC8B-4837B9D93D4A}.Release|x64.ActiveCfg = Release|x64
		{3F29932C-EC29-4318-AC8B-4837B9D93D4A}.Release|x64.Build.0 = Release|x64
		{3F29932C-EC29-4318-AC8B-4837B9D93D4A}.Release|x86.ActiveCfg = Release|Win32
		{3F29932C-EC29-4318-AC8B-4837B9D93D4A}.Release|x86.Build.0 = Release|Win32
	EndGlobalSection
	GlobalSection(SolutionProperties) = preSolution
		HideSolutionNode = FALSE
	EndGlobalSection
	GlobalSection(ExtensibilityGlobals) = postSolution
		SolutionGuid = {19F148C8-D782-4760-8CE9-22440E5A80F7}
	EndGlobalSection
EndGlobal
