
Microsoft Visual Studio Solution File, Format Version 12.00
# Visual Studio Version 16
VisualStudioVersion = 16.0.33927.289
MinimumVisualStudioVersion = 10.0.40219.1
Project("{8BC9CEB8-8B4A-11D0-8D11-00A0C91BC942}") = "w15_2", "w15_2.vcxproj", "{A402B6FE-FA64-4A01-A530-34BABD64376C}"
EndProject
Global
	GlobalSection(SolutionConfigurationPlatforms) = preSolution
		Debug|x64 = Debug|x64
		Debug|x86 = Debug|x86
		Release|x64 = Release|x64
		Release|x86 = Release|x86
	EndGlobalSection
	GlobalSection(ProjectConfigurationPlatforms) = postSolution
		{A402B6FE-FA64-4A01-A530-34BABD64376C}.Debug|x64.ActiveCfg = Debug|x64
		{A402B6FE-FA64-4A01-A530-34BABD64376C}.Debug|x64.Build.0 = Debug|x64
		{A402B6FE-FA64-4A01-A530-34BABD64376C}.Debug|x86.ActiveCfg = Debug|Win32
		{A402B6FE-FA64-4A01-A530-34BABD64376C}.Debug|x86.Build.0 = Debug|Win32
		{A402B6FE-FA64-4A01-A530-34BABD64376C}.Release|x64.ActiveCfg = Release|x64
		{A402B6FE-FA64-4A01-A530-34BABD64376C}.Release|x64.Build.0 = Release|x64
		{A402B6FE-FA64-4A01-A530-34BABD64376C}.Release|x86.ActiveCfg = Release|Win32
		{A402B6FE-FA64-4A01-A530-34BABD64376C}.Release|x86.Build.0 = Release|Win32
	EndGlobalSection
	GlobalSection(SolutionProperties) = preSolution
		HideSolutionNode = FALSE
	EndGlobalSection
	GlobalSection(ExtensibilityGlobals) = postSolution
		SolutionGuid = {E44F9C28-5148-4344-85C2-B18BBAF968B0}
	EndGlobalSection
EndGlobal
