
Microsoft Visual Studio Solution File, Format Version 12.00
# Visual Studio Version 16
VisualStudioVersion = 16.0.33927.289
MinimumVisualStudioVersion = 10.0.40219.1
Project("{8BC9CEB8-8B4A-11D0-8D11-00A0C91BC942}") = "week16_1111234004-2", "week16_1111234004-2.vcxproj", "{7458C558-C54E-46E9-B4A4-59A8239F54D4}"
EndProject
Global
	GlobalSection(SolutionConfigurationPlatforms) = preSolution
		Debug|x64 = Debug|x64
		Debug|x86 = Debug|x86
		Release|x64 = Release|x64
		Release|x86 = Release|x86
	EndGlobalSection
	GlobalSection(ProjectConfigurationPlatforms) = postSolution
		{7458C558-C54E-46E9-B4A4-59A8239F54D4}.Debug|x64.ActiveCfg = Debug|x64
		{7458C558-C54E-46E9-B4A4-59A8239F54D4}.Debug|x64.Build.0 = Debug|x64
		{7458C558-C54E-46E9-B4A4-59A8239F54D4}.Debug|x86.ActiveCfg = Debug|Win32
		{7458C558-C54E-46E9-B4A4-59A8239F54D4}.Debug|x86.Build.0 = Debug|Win32
		{7458C558-C54E-46E9-B4A4-59A8239F54D4}.Release|x64.ActiveCfg = Release|x64
		{7458C558-C54E-46E9-B4A4-59A8239F54D4}.Release|x64.Build.0 = Release|x64
		{7458C558-C54E-46E9-B4A4-59A8239F54D4}.Release|x86.ActiveCfg = Release|Win32
		{7458C558-C54E-46E9-B4A4-59A8239F54D4}.Release|x86.Build.0 = Release|Win32
	EndGlobalSection
	GlobalSection(SolutionProperties) = preSolution
		HideSolutionNode = FALSE
	EndGlobalSection
	GlobalSection(ExtensibilityGlobals) = postSolution
		SolutionGuid = {EAA270CC-E1EA-48E4-A0E0-C0EEB8435530}
	EndGlobalSection
EndGlobal
