
Microsoft Visual Studio Solution File, Format Version 12.00
# Visual Studio Version 16
VisualStudioVersion = 16.0.33927.289
MinimumVisualStudioVersion = 10.0.40219.1
Project("{8BC9CEB8-8B4A-11D0-8D11-00A0C91BC942}") = "week16_001", "week16_001.vcxproj", "{C3E03CAF-4885-49A5-B679-F06231EF36C5}"
EndProject
Global
	GlobalSection(SolutionConfigurationPlatforms) = preSolution
		Debug|x64 = Debug|x64
		Debug|x86 = Debug|x86
		Release|x64 = Release|x64
		Release|x86 = Release|x86
	EndGlobalSection
	GlobalSection(ProjectConfigurationPlatforms) = postSolution
		{C3E03CAF-4885-49A5-B679-F06231EF36C5}.Debug|x64.ActiveCfg = Debug|x64
		{C3E03CAF-4885-49A5-B679-F06231EF36C5}.Debug|x64.Build.0 = Debug|x64
		{C3E03CAF-4885-49A5-B679-F06231EF36C5}.Debug|x86.ActiveCfg = Debug|Win32
		{C3E03CAF-4885-49A5-B679-F06231EF36C5}.Debug|x86.Build.0 = Debug|Win32
		{C3E03CAF-4885-49A5-B679-F06231EF36C5}.Release|x64.ActiveCfg = Release|x64
		{C3E03CAF-4885-49A5-B679-F06231EF36C5}.Release|x64.Build.0 = Release|x64
		{C3E03CAF-4885-49A5-B679-F06231EF36C5}.Release|x86.ActiveCfg = Release|Win32
		{C3E03CAF-4885-49A5-B679-F06231EF36C5}.Release|x86.Build.0 = Release|Win32
	EndGlobalSection
	GlobalSection(SolutionProperties) = preSolution
		HideSolutionNode = FALSE
	EndGlobalSection
	GlobalSection(ExtensibilityGlobals) = postSolution
		SolutionGuid = {B8BB3981-3027-4FB5-85C2-D9BE2D9E20FD}
	EndGlobalSection
EndGlobal
