
Microsoft Visual Studio Solution File, Format Version 12.00
# Visual Studio Version 17
VisualStudioVersion = 17.11.35327.3
MinimumVisualStudioVersion = 10.0.40219.1
Project("{8BC9CEB8-8B4A-11D0-8D11-00A0C91BC942}") = "Date.h", "Date.h.vcxproj", "{62AE32DE-2837-46C2-9EF5-C03DB4053286}"
EndProject
Global
	GlobalSection(SolutionConfigurationPlatforms) = preSolution
		Debug|x64 = Debug|x64
		Debug|x86 = Debug|x86
		Release|x64 = Release|x64
		Release|x86 = Release|x86
	EndGlobalSection
	GlobalSection(ProjectConfigurationPlatforms) = postSolution
		{62AE32DE-2837-46C2-9EF5-C03DB4053286}.Debug|x64.ActiveCfg = Debug|x64
		{62AE32DE-2837-46C2-9EF5-C03DB4053286}.Debug|x64.Build.0 = Debug|x64
		{62AE32DE-2837-46C2-9EF5-C03DB4053286}.Debug|x86.ActiveCfg = Debug|Win32
		{62AE32DE-2837-46C2-9EF5-C03DB4053286}.Debug|x86.Build.0 = Debug|Win32
		{62AE32DE-2837-46C2-9EF5-C03DB4053286}.Release|x64.ActiveCfg = Release|x64
		{62AE32DE-2837-46C2-9EF5-C03DB4053286}.Release|x64.Build.0 = Release|x64
		{62AE32DE-2837-46C2-9EF5-C03DB4053286}.Release|x86.ActiveCfg = Release|Win32
		{62AE32DE-2837-46C2-9EF5-C03DB4053286}.Release|x86.Build.0 = Release|Win32
	EndGlobalSection
	GlobalSection(SolutionProperties) = preSolution
		HideSolutionNode = FALSE
	EndGlobalSection
	GlobalSection(ExtensibilityGlobals) = postSolution
		SolutionGuid = {75B9D995-594E-48E0-B2C6-527EA1CACDA3}
	EndGlobalSection
EndGlobal
