
Microsoft Visual Studio Solution File, Format Version 12.00
# Visual Studio Version 16
VisualStudioVersion = 16.0.33927.289
MinimumVisualStudioVersion = 10.0.40219.1
Project("{8BC9CEB8-8B4A-11D0-8D11-00A0C91BC942}") = "W7", "W7\W7.vcxproj", "{348F077F-8CED-4983-954F-03374CB68FB7}"
EndProject
Global
	GlobalSection(SolutionConfigurationPlatforms) = preSolution
		Debug|x64 = Debug|x64
		Debug|x86 = Debug|x86
		Release|x64 = Release|x64
		Release|x86 = Release|x86
	EndGlobalSection
	GlobalSection(ProjectConfigurationPlatforms) = postSolution
		{348F077F-8CED-4983-954F-03374CB68FB7}.Debug|x64.ActiveCfg = Debug|x64
		{348F077F-8CED-4983-954F-03374CB68FB7}.Debug|x64.Build.0 = Debug|x64
		{348F077F-8CED-4983-954F-03374CB68FB7}.Debug|x86.ActiveCfg = Debug|Win32
		{348F077F-8CED-4983-954F-03374CB68FB7}.Debug|x86.Build.0 = Debug|Win32
		{348F077F-8CED-4983-954F-03374CB68FB7}.Release|x64.ActiveCfg = Release|x64
		{348F077F-8CED-4983-954F-03374CB68FB7}.Release|x64.Build.0 = Release|x64
		{348F077F-8CED-4983-954F-03374CB68FB7}.Release|x86.ActiveCfg = Release|Win32
		{348F077F-8CED-4983-954F-03374CB68FB7}.Release|x86.Build.0 = Release|Win32
	EndGlobalSection
	GlobalSection(SolutionProperties) = preSolution
		HideSolutionNode = FALSE
	EndGlobalSection
	GlobalSection(ExtensibilityGlobals) = postSolution
		SolutionGuid = {4BA52D57-C99C-4204-A6A2-B81D3B83EA45}
	EndGlobalSection
EndGlobal
