
Microsoft Visual Studio Solution File, Format Version 12.00
# Visual Studio Version 16
VisualStudioVersion = 16.0.33927.289
MinimumVisualStudioVersion = 10.0.40219.1
Project("{8BC9CEB8-8B4A-11D0-8D11-00A0C91BC942}") = "0521", "0521\0521.vcxproj", "{A6BD345C-471C-4BE4-9398-F92C2C246C49}"
EndProject
Global
	GlobalSection(SolutionConfigurationPlatforms) = preSolution
		Debug|x64 = Debug|x64
		Debug|x86 = Debug|x86
		Release|x64 = Release|x64
		Release|x86 = Release|x86
	EndGlobalSection
	GlobalSection(ProjectConfigurationPlatforms) = postSolution
		{A6BD345C-471C-4BE4-9398-F92C2C246C49}.Debug|x64.ActiveCfg = Debug|x64
		{A6BD345C-471C-4BE4-9398-F92C2C246C49}.Debug|x64.Build.0 = Debug|x64
		{A6BD345C-471C-4BE4-9398-F92C2C246C49}.Debug|x86.ActiveCfg = Debug|Win32
		{A6BD345C-471C-4BE4-9398-F92C2C246C49}.Debug|x86.Build.0 = Debug|Win32
		{A6BD345C-471C-4BE4-9398-F92C2C246C49}.Release|x64.ActiveCfg = Release|x64
		{A6BD345C-471C-4BE4-9398-F92C2C246C49}.Release|x64.Build.0 = Release|x64
		{A6BD345C-471C-4BE4-9398-F92C2C246C49}.Release|x86.ActiveCfg = Release|Win32
		{A6BD345C-471C-4BE4-9398-F92C2C246C49}.Release|x86.Build.0 = Release|Win32
	EndGlobalSection
	GlobalSection(SolutionProperties) = preSolution
		HideSolutionNode = FALSE
	EndGlobalSection
	GlobalSection(ExtensibilityGlobals) = postSolution
		SolutionGuid = {8F5F6E4F-7423-47AB-85FA-753DE4674BC1}
	EndGlobalSection
EndGlobal
