
Microsoft Visual Studio Solution File, Format Version 12.00
# Visual Studio Version 16
VisualStudioVersion = 16.0.33927.289
MinimumVisualStudioVersion = 10.0.40219.1
Project("{8BC9CEB8-8B4A-11D0-8D11-00A0C91BC942}") = "1111234043", "1111234043\1111234043.vcxproj", "{C50D87BA-6812-479C-A7D6-FFD863BDC423}"
EndProject
Global
	GlobalSection(SolutionConfigurationPlatforms) = preSolution
		Debug|x64 = Debug|x64
		Debug|x86 = Debug|x86
		Release|x64 = Release|x64
		Release|x86 = Release|x86
	EndGlobalSection
	GlobalSection(ProjectConfigurationPlatforms) = postSolution
		{C50D87BA-6812-479C-A7D6-FFD863BDC423}.Debug|x64.ActiveCfg = Debug|x64
		{C50D87BA-6812-479C-A7D6-FFD863BDC423}.Debug|x64.Build.0 = Debug|x64
		{C50D87BA-6812-479C-A7D6-FFD863BDC423}.Debug|x86.ActiveCfg = Debug|Win32
		{C50D87BA-6812-479C-A7D6-FFD863BDC423}.Debug|x86.Build.0 = Debug|Win32
		{C50D87BA-6812-479C-A7D6-FFD863BDC423}.Release|x64.ActiveCfg = Release|x64
		{C50D87BA-6812-479C-A7D6-FFD863BDC423}.Release|x64.Build.0 = Release|x64
		{C50D87BA-6812-479C-A7D6-FFD863BDC423}.Release|x86.ActiveCfg = Release|Win32
		{C50D87BA-6812-479C-A7D6-FFD863BDC423}.Release|x86.Build.0 = Release|Win32
	EndGlobalSection
	GlobalSection(SolutionProperties) = preSolution
		HideSolutionNode = FALSE
	EndGlobalSection
	GlobalSection(ExtensibilityGlobals) = postSolution
		SolutionGuid = {EC033B27-1ADB-46CC-A15C-117377FE198E}
	EndGlobalSection
EndGlobal
