
Microsoft Visual Studio Solution File, Format Version 12.00
# Visual Studio Version 16
VisualStudioVersion = 16.0.33927.289
MinimumVisualStudioVersion = 10.0.40219.1
Project("{8BC9CEB8-8B4A-11D0-8D11-00A0C91BC942}") = "W11_01_008", "W11_01_008.vcxproj", "{5173390D-B4EF-4745-B19F-ADB8623E60CD}"
EndProject
Global
	GlobalSection(SolutionConfigurationPlatforms) = preSolution
		Debug|x64 = Debug|x64
		Debug|x86 = Debug|x86
		Release|x64 = Release|x64
		Release|x86 = Release|x86
	EndGlobalSection
	GlobalSection(ProjectConfigurationPlatforms) = postSolution
		{5173390D-B4EF-4745-B19F-ADB8623E60CD}.Debug|x64.ActiveCfg = Debug|x64
		{5173390D-B4EF-4745-B19F-ADB8623E60CD}.Debug|x64.Build.0 = Debug|x64
		{5173390D-B4EF-4745-B19F-ADB8623E60CD}.Debug|x86.ActiveCfg = Debug|Win32
		{5173390D-B4EF-4745-B19F-ADB8623E60CD}.Debug|x86.Build.0 = Debug|Win32
		{5173390D-B4EF-4745-B19F-ADB8623E60CD}.Release|x64.ActiveCfg = Release|x64
		{5173390D-B4EF-4745-B19F-ADB8623E60CD}.Release|x64.Build.0 = Release|x64
		{5173390D-B4EF-4745-B19F-ADB8623E60CD}.Release|x86.ActiveCfg = Release|Win32
		{5173390D-B4EF-4745-B19F-ADB8623E60CD}.Release|x86.Build.0 = Release|Win32
	EndGlobalSection
	GlobalSection(SolutionProperties) = preSolution
		HideSolutionNode = FALSE
	EndGlobalSection
	GlobalSection(ExtensibilityGlobals) = postSolution
		SolutionGuid = {D53A89BA-0783-4E7E-8CBD-7FC818E8CFF7}
	EndGlobalSection
EndGlobal
