
Microsoft Visual Studio Solution File, Format Version 12.00
# Visual Studio Version 16
VisualStudioVersion = 16.0.33927.289
MinimumVisualStudioVersion = 10.0.40219.1
Project("{8BC9CEB8-8B4A-11D0-8D11-00A0C91BC942}") = "0312-1", "0312-1.vcxproj", "{EEC20668-48D8-428A-8336-EF9AB0CF0CCB}"
EndProject
Global
	GlobalSection(SolutionConfigurationPlatforms) = preSolution
		Debug|x64 = Debug|x64
		Debug|x86 = Debug|x86
		Release|x64 = Release|x64
		Release|x86 = Release|x86
	EndGlobalSection
	GlobalSection(ProjectConfigurationPlatforms) = postSolution
		{EEC20668-48D8-428A-8336-EF9AB0CF0CCB}.Debug|x64.ActiveCfg = Debug|x64
		{EEC20668-48D8-428A-8336-EF9AB0CF0CCB}.Debug|x64.Build.0 = Debug|x64
		{EEC20668-48D8-428A-8336-EF9AB0CF0CCB}.Debug|x86.ActiveCfg = Debug|Win32
		{EEC20668-48D8-428A-8336-EF9AB0CF0CCB}.Debug|x86.Build.0 = Debug|Win32
		{EEC20668-48D8-428A-8336-EF9AB0CF0CCB}.Release|x64.ActiveCfg = Release|x64
		{EEC20668-48D8-428A-8336-EF9AB0CF0CCB}.Release|x64.Build.0 = Release|x64
		{EEC20668-48D8-428A-8336-EF9AB0CF0CCB}.Release|x86.ActiveCfg = Release|Win32
		{EEC20668-48D8-428A-8336-EF9AB0CF0CCB}.Release|x86.Build.0 = Release|Win32
	EndGlobalSection
	GlobalSection(SolutionProperties) = preSolution
		HideSolutionNode = FALSE
	EndGlobalSection
	GlobalSection(ExtensibilityGlobals) = postSolution
		SolutionGuid = {EAB29A32-746C-46C3-AE92-BCA0BDA1237F}
	EndGlobalSection
EndGlobal
