
Microsoft Visual Studio Solution File, Format Version 12.00
# Visual Studio Version 16
VisualStudioVersion = 16.0.33927.289
MinimumVisualStudioVersion = 10.0.40219.1
Project("{8BC9CEB8-8B4A-11D0-8D11-00A0C91BC942}") = "W16_01", "W16_01\W16_01.vcxproj", "{935A52AF-3A3C-4980-B3DE-DD492658A25F}"
EndProject
Global
	GlobalSection(SolutionConfigurationPlatforms) = preSolution
		Debug|x64 = Debug|x64
		Debug|x86 = Debug|x86
		Release|x64 = Release|x64
		Release|x86 = Release|x86
	EndGlobalSection
	GlobalSection(ProjectConfigurationPlatforms) = postSolution
		{935A52AF-3A3C-4980-B3DE-DD492658A25F}.Debug|x64.ActiveCfg = Debug|x64
		{935A52AF-3A3C-4980-B3DE-DD492658A25F}.Debug|x64.Build.0 = Debug|x64
		{935A52AF-3A3C-4980-B3DE-DD492658A25F}.Debug|x86.ActiveCfg = Debug|Win32
		{935A52AF-3A3C-4980-B3DE-DD492658A25F}.Debug|x86.Build.0 = Debug|Win32
		{935A52AF-3A3C-4980-B3DE-DD492658A25F}.Release|x64.ActiveCfg = Release|x64
		{935A52AF-3A3C-4980-B3DE-DD492658A25F}.Release|x64.Build.0 = Release|x64
		{935A52AF-3A3C-4980-B3DE-DD492658A25F}.Release|x86.ActiveCfg = Release|Win32
		{935A52AF-3A3C-4980-B3DE-DD492658A25F}.Release|x86.Build.0 = Release|Win32
	EndGlobalSection
	GlobalSection(SolutionProperties) = preSolution
		HideSolutionNode = FALSE
	EndGlobalSection
	GlobalSection(ExtensibilityGlobals) = postSolution
		SolutionGuid = {CBCF8DA8-269A-4340-9557-57452C6A013F}
	EndGlobalSection
EndGlobal
