
Microsoft Visual Studio Solution File, Format Version 12.00
# Visual Studio Version 16
VisualStudioVersion = 16.0.33927.289
MinimumVisualStudioVersion = 10.0.40219.1
Project("{8BC9CEB8-8B4A-11D0-8D11-00A0C91BC942}") = "Week_03-01", "Week_03-01\Week_03-01.vcxproj", "{8F21F3C8-8D21-4C7A-9DC1-75B81D2FD6F1}"
EndProject
Global
	GlobalSection(SolutionConfigurationPlatforms) = preSolution
		Debug|x64 = Debug|x64
		Debug|x86 = Debug|x86
		Release|x64 = Release|x64
		Release|x86 = Release|x86
	EndGlobalSection
	GlobalSection(ProjectConfigurationPlatforms) = postSolution
		{8F21F3C8-8D21-4C7A-9DC1-75B81D2FD6F1}.Debug|x64.ActiveCfg = Debug|x64
		{8F21F3C8-8D21-4C7A-9DC1-75B81D2FD6F1}.Debug|x64.Build.0 = Debug|x64
		{8F21F3C8-8D21-4C7A-9DC1-75B81D2FD6F1}.Debug|x86.ActiveCfg = Debug|Win32
		{8F21F3C8-8D21-4C7A-9DC1-75B81D2FD6F1}.Debug|x86.Build.0 = Debug|Win32
		{8F21F3C8-8D21-4C7A-9DC1-75B81D2FD6F1}.Release|x64.ActiveCfg = Release|x64
		{8F21F3C8-8D21-4C7A-9DC1-75B81D2FD6F1}.Release|x64.Build.0 = Release|x64
		{8F21F3C8-8D21-4C7A-9DC1-75B81D2FD6F1}.Release|x86.ActiveCfg = Release|Win32
		{8F21F3C8-8D21-4C7A-9DC1-75B81D2FD6F1}.Release|x86.Build.0 = Release|Win32
	EndGlobalSection
	GlobalSection(SolutionProperties) = preSolution
		HideSolutionNode = FALSE
	EndGlobalSection
	GlobalSection(ExtensibilityGlobals) = postSolution
		SolutionGuid = {38A1E524-2E03-4420-AFE6-C1328FA7BDC7}
	EndGlobalSection
EndGlobal
