
Microsoft Visual Studio Solution File, Format Version 12.00
# Visual Studio Version 17
VisualStudioVersion = 17.11.35327.3
MinimumVisualStudioVersion = 10.0.40219.1
Project("{8BC9CEB8-8B4A-11D0-8D11-00A0C91BC942}") = "rect.cpp", "rect.cpp.vcxproj", "{FE62D1C5-87C9-4A07-98C4-49E981A9BB30}"
EndProject
Global
	GlobalSection(SolutionConfigurationPlatforms) = preSolution
		Debug|x64 = Debug|x64
		Debug|x86 = Debug|x86
		Release|x64 = Release|x64
		Release|x86 = Release|x86
	EndGlobalSection
	GlobalSection(ProjectConfigurationPlatforms) = postSolution
		{FE62D1C5-87C9-4A07-98C4-49E981A9BB30}.Debug|x64.ActiveCfg = Debug|x64
		{FE62D1C5-87C9-4A07-98C4-49E981A9BB30}.Debug|x64.Build.0 = Debug|x64
		{FE62D1C5-87C9-4A07-98C4-49E981A9BB30}.Debug|x86.ActiveCfg = Debug|Win32
		{FE62D1C5-87C9-4A07-98C4-49E981A9BB30}.Debug|x86.Build.0 = Debug|Win32
		{FE62D1C5-87C9-4A07-98C4-49E981A9BB30}.Release|x64.ActiveCfg = Release|x64
		{FE62D1C5-87C9-4A07-98C4-49E981A9BB30}.Release|x64.Build.0 = Release|x64
		{FE62D1C5-87C9-4A07-98C4-49E981A9BB30}.Release|x86.ActiveCfg = Release|Win32
		{FE62D1C5-87C9-4A07-98C4-49E981A9BB30}.Release|x86.Build.0 = Release|Win32
	EndGlobalSection
	GlobalSection(SolutionProperties) = preSolution
		HideSolutionNode = FALSE
	EndGlobalSection
	GlobalSection(ExtensibilityGlobals) = postSolution
		SolutionGuid = {711E5F8F-07BF-4ACB-8341-013560F4BFDF}
	EndGlobalSection
EndGlobal
