
Microsoft Visual Studio Solution File, Format Version 12.00
# Visual Studio Version 16
VisualStudioVersion = 16.0.33927.289
MinimumVisualStudioVersion = 10.0.40219.1
Project("{8BC9CEB8-8B4A-11D0-8D11-00A0C91BC942}") = "250430_第一題", "250430_第一題\250430_第一題.vcxproj", "{D832E766-A99F-4048-8440-3BDA18ECE041}"
EndProject
Global
	GlobalSection(SolutionConfigurationPlatforms) = preSolution
		Debug|x64 = Debug|x64
		Debug|x86 = Debug|x86
		Release|x64 = Release|x64
		Release|x86 = Release|x86
	EndGlobalSection
	GlobalSection(ProjectConfigurationPlatforms) = postSolution
		{D832E766-A99F-4048-8440-3BDA18ECE041}.Debug|x64.ActiveCfg = Debug|x64
		{D832E766-A99F-4048-8440-3BDA18ECE041}.Debug|x64.Build.0 = Debug|x64
		{D832E766-A99F-4048-8440-3BDA18ECE041}.Debug|x86.ActiveCfg = Debug|Win32
		{D832E766-A99F-4048-8440-3BDA18ECE041}.Debug|x86.Build.0 = Debug|Win32
		{D832E766-A99F-4048-8440-3BDA18ECE041}.Release|x64.ActiveCfg = Release|x64
		{D832E766-A99F-4048-8440-3BDA18ECE041}.Release|x64.Build.0 = Release|x64
		{D832E766-A99F-4048-8440-3BDA18ECE041}.Release|x86.ActiveCfg = Release|Win32
		{D832E766-A99F-4048-8440-3BDA18ECE041}.Release|x86.Build.0 = Release|Win32
	EndGlobalSection
	GlobalSection(SolutionProperties) = preSolution
		HideSolutionNode = FALSE
	EndGlobalSection
	GlobalSection(ExtensibilityGlobals) = postSolution
		SolutionGuid = {2B22CD31-B0DB-4645-9111-144C5F56DE91}
	EndGlobalSection
EndGlobal
