
Microsoft Visual Studio Solution File, Format Version 12.00
# Visual Studio Version 17
VisualStudioVersion = 17.11.35327.3
MinimumVisualStudioVersion = 10.0.40219.1
Project("{8BC9CEB8-8B4A-11D0-8D11-00A0C91BC942}") = "結果", "結果.vcxproj", "{A424AD0A-23AA-42C0-BAB3-4A1A9E06CEA8}"
EndProject
Global
	GlobalSection(SolutionConfigurationPlatforms) = preSolution
		Debug|x64 = Debug|x64
		Debug|x86 = Debug|x86
		Release|x64 = Release|x64
		Release|x86 = Release|x86
	EndGlobalSection
	GlobalSection(ProjectConfigurationPlatforms) = postSolution
		{A424AD0A-23AA-42C0-BAB3-4A1A9E06CEA8}.Debug|x64.ActiveCfg = Debug|x64
		{A424AD0A-23AA-42C0-BAB3-4A1A9E06CEA8}.Debug|x64.Build.0 = Debug|x64
		{A424AD0A-23AA-42C0-BAB3-4A1A9E06CEA8}.Debug|x86.ActiveCfg = Debug|Win32
		{A424AD0A-23AA-42C0-BAB3-4A1A9E06CEA8}.Debug|x86.Build.0 = Debug|Win32
		{A424AD0A-23AA-42C0-BAB3-4A1A9E06CEA8}.Release|x64.ActiveCfg = Release|x64
		{A424AD0A-23AA-42C0-BAB3-4A1A9E06CEA8}.Release|x64.Build.0 = Release|x64
		{A424AD0A-23AA-42C0-BAB3-4A1A9E06CEA8}.Release|x86.ActiveCfg = Release|Win32
		{A424AD0A-23AA-42C0-BAB3-4A1A9E06CEA8}.Release|x86.Build.0 = Release|Win32
	EndGlobalSection
	GlobalSection(SolutionProperties) = preSolution
		HideSolutionNode = FALSE
	EndGlobalSection
	GlobalSection(ExtensibilityGlobals) = postSolution
		SolutionGuid = {4CB36A90-A0FA-4741-A322-7530A5CEFC31}
	EndGlobalSection
EndGlobal
