
Microsoft Visual Studio Solution File, Format Version 12.00
# Visual Studio Version 16
VisualStudioVersion = 16.0.33927.289
MinimumVisualStudioVersion = 10.0.40219.1
Project("{8BC9CEB8-8B4A-11D0-8D11-00A0C91BC942}") = "Week_2-01", "Week_2-01\Week_2-01.vcxproj", "{0517F11A-DED7-411F-A7FC-66EC860FDC45}"
EndProject
Global
	GlobalSection(SolutionConfigurationPlatforms) = preSolution
		Debug|x64 = Debug|x64
		Debug|x86 = Debug|x86
		Release|x64 = Release|x64
		Release|x86 = Release|x86
	EndGlobalSection
	GlobalSection(ProjectConfigurationPlatforms) = postSolution
		{0517F11A-DED7-411F-A7FC-66EC860FDC45}.Debug|x64.ActiveCfg = Debug|x64
		{0517F11A-DED7-411F-A7FC-66EC860FDC45}.Debug|x64.Build.0 = Debug|x64
		{0517F11A-DED7-411F-A7FC-66EC860FDC45}.Debug|x86.ActiveCfg = Debug|Win32
		{0517F11A-DED7-411F-A7FC-66EC860FDC45}.Debug|x86.Build.0 = Debug|Win32
		{0517F11A-DED7-411F-A7FC-66EC860FDC45}.Release|x64.ActiveCfg = Release|x64
		{0517F11A-DED7-411F-A7FC-66EC860FDC45}.Release|x64.Build.0 = Release|x64
		{0517F11A-DED7-411F-A7FC-66EC860FDC45}.Release|x86.ActiveCfg = Release|Win32
		{0517F11A-DED7-411F-A7FC-66EC860FDC45}.Release|x86.Build.0 = Release|Win32
	EndGlobalSection
	GlobalSection(SolutionProperties) = preSolution
		HideSolutionNode = FALSE
	EndGlobalSection
	GlobalSection(ExtensibilityGlobals) = postSolution
		SolutionGuid = {A7952465-47B9-4409-9444-B99F5D6A5C63}
	EndGlobalSection
EndGlobal
