
Microsoft Visual Studio Solution File, Format Version 12.00
# Visual Studio Version 16
VisualStudioVersion = 16.0.33927.289
MinimumVisualStudioVersion = 10.0.40219.1
Project("{8BC9CEB8-8B4A-11D0-8D11-00A0C91BC942}") = "week6_1111234004", "week6_1111234004.vcxproj", "{0B459A82-6D6B-48DD-AE41-94A1C67AF9FB}"
EndProject
Global
	GlobalSection(SolutionConfigurationPlatforms) = preSolution
		Debug|x64 = Debug|x64
		Debug|x86 = Debug|x86
		Release|x64 = Release|x64
		Release|x86 = Release|x86
	EndGlobalSection
	GlobalSection(ProjectConfigurationPlatforms) = postSolution
		{0B459A82-6D6B-48DD-AE41-94A1C67AF9FB}.Debug|x64.ActiveCfg = Debug|x64
		{0B459A82-6D6B-48DD-AE41-94A1C67AF9FB}.Debug|x64.Build.0 = Debug|x64
		{0B459A82-6D6B-48DD-AE41-94A1C67AF9FB}.Debug|x86.ActiveCfg = Debug|Win32
		{0B459A82-6D6B-48DD-AE41-94A1C67AF9FB}.Debug|x86.Build.0 = Debug|Win32
		{0B459A82-6D6B-48DD-AE41-94A1C67AF9FB}.Release|x64.ActiveCfg = Release|x64
		{0B459A82-6D6B-48DD-AE41-94A1C67AF9FB}.Release|x64.Build.0 = Release|x64
		{0B459A82-6D6B-48DD-AE41-94A1C67AF9FB}.Release|x86.ActiveCfg = Release|Win32
		{0B459A82-6D6B-48DD-AE41-94A1C67AF9FB}.Release|x86.Build.0 = Release|Win32
	EndGlobalSection
	GlobalSection(SolutionProperties) = preSolution
		HideSolutionNode = FALSE
	EndGlobalSection
	GlobalSection(ExtensibilityGlobals) = postSolution
		SolutionGuid = {71824993-4C78-479A-AB53-C2A9719F5C37}
	EndGlobalSection
EndGlobal
